// !$*UTF8*$!
{
	archiveVersion = 1;
	classes = {
	};
	objectVersion = 56;
	objects = {

/* Begin PBXBuildFile section */
		C5FC9D6C298625730069AFF4 /* AppDelegate.swift in Sources */ = {isa = PBXBuildFile; fileRef = C5FC9D6B298625730069AFF4 /* AppDelegate.swift */; };
		C5FC9D6E298625730069AFF4 /* GameScene.sks in Resources */ = {isa = PBXBuildFile; fileRef = C5FC9D6D298625730069AFF4 /* GameScene.sks */; };
		C5FC9D72298625730069AFF4 /* GameScene.swift in Sources */ = {isa = PBXBuildFile; fileRef = C5FC9D71298625730069AFF4 /* GameScene.swift */; };
		C5FC9D74298625730069AFF4 /* GameViewController.swift in Sources */ = {isa = PBXBuildFile; fileRef = C5FC9D73298625730069AFF4 /* GameViewController.swift */; };
		C5FC9D77298625730069AFF4 /* Main.storyboard in Resources */ = {isa = PBXBuildFile; fileRef = C5FC9D75298625730069AFF4 /* Main.storyboard */; };
		C5FC9D79298625730069AFF4 /* Assets.xcassets in Resources */ = {isa = PBXBuildFile; fileRef = C5FC9D78298625730069AFF4 /* Assets.xcassets */; };
		C5FC9D7C298625730069AFF4 /* LaunchScreen.storyboard in Resources */ = {isa = PBXBuildFile; fileRef = C5FC9D7A298625730069AFF4 /* LaunchScreen.storyboard */; };
		C5FC9EB4298629230069AFF4 /* bullet.png in Resources */ = {isa = PBXBuildFile; fileRef = C5FC9E7A298629230069AFF4 /* bullet.png */; };
		C5FC9EB5298629230069AFF4 /* plane3.png in Resources */ = {isa = PBXBuildFile; fileRef = C5FC9E7B298629230069AFF4 /* plane3.png */; };
		C5FC9EB6298629230069AFF4 /* plane2.png in Resources */ = {isa = PBXBuildFile; fileRef = C5FC9E7C298629230069AFF4 /* plane2.png */; };
		C5FC9EB7298629230069AFF4 /* plane1.png in Resources */ = {isa = PBXBuildFile; fileRef = C5FC9E7D298629230069AFF4 /* plane1.png */; };
		C5FC9EB8298629230069AFF4 /* backButton.png in Resources */ = {isa = PBXBuildFile; fileRef = C5FC9E7E298629230069AFF4 /* backButton.png */; };
		C5FC9EB9298629230069AFF4 /* plane.png in Resources */ = {isa = PBXBuildFile; fileRef = C5FC9E7F298629230069AFF4 /* plane.png */; };
		C5FC9EBA298629230069AFF4 /* island.png in Resources */ = {isa = PBXBuildFile; fileRef = C5FC9E80298629230069AFF4 /* island.png */; };
		C5FC9EBB298629230069AFF4 /* planeflash2.png in Resources */ = {isa = PBXBuildFile; fileRef = C5FC9E81298629230069AFF4 /* planeflash2.png */; };
		C5FC9EBC298629230069AFF4 /* clickMeButton.png in Resources */ = {isa = PBXBuildFile; fileRef = C5FC9E82298629230069AFF4 /* clickMeButton.png */; };
		C5FC9EBD298629230069AFF4 /* planeflash1.png in Resources */ = {isa = PBXBuildFile; fileRef = C5FC9E83298629230069AFF4 /* planeflash1.png */; };
		C5FC9EBE298629230069AFF4 /* ocean.gif in Resources */ = {isa = PBXBuildFile; fileRef = C5FC9E84298629230069AFF4 /* ocean.gif */; };
		C5FC9EBF298629230069AFF4 /* coin08.png in Resources */ = {isa = PBXBuildFile; fileRef = C5FC9E85298629230069AFF4 /* coin08.png */; };
		C5FC9EC0298629230069AFF4 /* coin09.png in Resources */ = {isa = PBXBuildFile; fileRef = C5FC9E86298629230069AFF4 /* coin09.png */; };
		C5FC9EC1298629230069AFF4 /* restartButton.png in Resources */ = {isa = PBXBuildFile; fileRef = C5FC9E87298629230069AFF4 /* restartButton.png */; };
		C5FC9EC2298629230069AFF4 /* coin10.png in Resources */ = {isa = PBXBuildFile; fileRef = C5FC9E88298629230069AFF4 /* coin10.png */; };
		C5FC9EC3298629230069AFF4 /* coin04.png in Resources */ = {isa = PBXBuildFile; fileRef = C5FC9E89298629230069AFF4 /* coin04.png */; };
		C5FC9EC4298629230069AFF4 /* smallexplosion4.png in Resources */ = {isa = PBXBuildFile; fileRef = C5FC9E8A298629230069AFF4 /* smallexplosion4.png */; };
		C5FC9EC5298629230069AFF4 /* smallexplosion5.png in Resources */ = {isa = PBXBuildFile; fileRef = C5FC9E8B298629230069AFF4 /* smallexplosion5.png */; };
		C5FC9EC6298629230069AFF4 /* coin05.png in Resources */ = {isa = PBXBuildFile; fileRef = C5FC9E8C298629230069AFF4 /* coin05.png */; };
		C5FC9EC7298629230069AFF4 /* coin07.png in Resources */ = {isa = PBXBuildFile; fileRef = C5FC9E8D298629230069AFF4 /* coin07.png */; };
		C5FC9EC8298629230069AFF4 /* smallexplosion6.png in Resources */ = {isa = PBXBuildFile; fileRef = C5FC9E8E298629230069AFF4 /* smallexplosion6.png */; };
		C5FC9EC9298629230069AFF4 /* coin06.png in Resources */ = {isa = PBXBuildFile; fileRef = C5FC9E8F298629230069AFF4 /* coin06.png */; };
		C5FC9ECA298629230069AFF4 /* cloud.png in Resources */ = {isa = PBXBuildFile; fileRef = C5FC9E90298629230069AFF4 /* cloud.png */; };
		C5FC9ECB298629230069AFF4 /* coin02.png in Resources */ = {isa = PBXBuildFile; fileRef = C5FC9E91298629230069AFF4 /* coin02.png */; };
		C5FC9ECC298629230069AFF4 /* smallexplosion2.png in Resources */ = {isa = PBXBuildFile; fileRef = C5FC9E92298629230069AFF4 /* smallexplosion2.png */; };
		C5FC9ECD298629230069AFF4 /* smallexplosion3.png in Resources */ = {isa = PBXBuildFile; fileRef = C5FC9E93298629230069AFF4 /* smallexplosion3.png */; };
		C5FC9ECE298629230069AFF4 /* coin03.png in Resources */ = {isa = PBXBuildFile; fileRef = C5FC9E94298629230069AFF4 /* coin03.png */; };
		C5FC9ECF298629230069AFF4 /* coin01.png in Resources */ = {isa = PBXBuildFile; fileRef = C5FC9E95298629230069AFF4 /* coin01.png */; };
		C5FC9ED0298629230069AFF4 /* smallexplosion1.png in Resources */ = {isa = PBXBuildFile; fileRef = C5FC9E96298629230069AFF4 /* smallexplosion1.png */; };
		C5FC9ED1298629230069AFF4 /* nextButton.png in Resources */ = {isa = PBXBuildFile; fileRef = C5FC9E97298629230069AFF4 /* nextButton.png */; };
		C5FC9ED2298629230069AFF4 /* explosion1.png in Resources */ = {isa = PBXBuildFile; fileRef = C5FC9E98298629230069AFF4 /* explosion1.png */; };
		C5FC9ED3298629230069AFF4 /* enemy1.png in Resources */ = {isa = PBXBuildFile; fileRef = C5FC9E99298629230069AFF4 /* enemy1.png */; };
		C5FC9ED4298629230069AFF4 /* explosion2.png in Resources */ = {isa = PBXBuildFile; fileRef = C5FC9E9A298629230069AFF4 /* explosion2.png */; };
		C5FC9ED5298629230069AFF4 /* enemy3.png in Resources */ = {isa = PBXBuildFile; fileRef = C5FC9E9B298629230069AFF4 /* enemy3.png */; };
		C5FC9ED6298629230069AFF4 /* enemy2.png in Resources */ = {isa = PBXBuildFile; fileRef = C5FC9E9C298629230069AFF4 /* enemy2.png */; };
		C5FC9ED7298629230069AFF4 /* ocean.png in Resources */ = {isa = PBXBuildFile; fileRef = C5FC9E9D298629230069AFF4 /* ocean.png */; };
		C5FC9ED8298629230069AFF4 /* explosion3.png in Resources */ = {isa = PBXBuildFile; fileRef = C5FC9E9E298629230069AFF4 /* explosion3.png */; };
		C5FC9ED9298629230069AFF4 /* explosion7.png in Resources */ = {isa = PBXBuildFile; fileRef = C5FC9E9F298629230069AFF4 /* explosion7.png */; };
		C5FC9EDA298629230069AFF4 /* startButton.png in Resources */ = {isa = PBXBuildFile; fileRef = C5FC9EA0298629230069AFF4 /* startButton.png */; };
		C5FC9EDB298629230069AFF4 /* explosion6.png in Resources */ = {isa = PBXBuildFile; fileRef = C5FC9EA1298629230069AFF4 /* explosion6.png */; };
		C5FC9EDC298629230069AFF4 /* explosion4.png in Resources */ = {isa = PBXBuildFile; fileRef = C5FC9EA2298629230069AFF4 /* explosion4.png */; };
		C5FC9EDD298629230069AFF4 /* explosion5.png in Resources */ = {isa = PBXBuildFile; fileRef = C5FC9EA3298629230069AFF4 /* explosion5.png */; };
		C5FC9EDE298629230069AFF4 /* life.wav in Resources */ = {isa = PBXBuildFile; fileRef = C5FC9EA5298629230069AFF4 /* life.wav */; };
		C5FC9EDF298629230069AFF4 /* explosion.mp3 in Resources */ = {isa = PBXBuildFile; fileRef = C5FC9EA6298629230069AFF4 /* explosion.mp3 */; };
		C5FC9EE0298629230069AFF4 /* thunder.ogg in Resources */ = {isa = PBXBuildFile; fileRef = C5FC9EA7298629230069AFF4 /* thunder.ogg */; };
		C5FC9EE1298629230069AFF4 /* yay.ogg in Resources */ = {isa = PBXBuildFile; fileRef = C5FC9EA8298629230069AFF4 /* yay.ogg */; };
		C5FC9EE2298629230069AFF4 /* engine.ogg in Resources */ = {isa = PBXBuildFile; fileRef = C5FC9EA9298629230069AFF4 /* engine.ogg */; };
		C5FC9EE3298629230069AFF4 /* coin.wav in Resources */ = {isa = PBXBuildFile; fileRef = C5FC9EAA298629230069AFF4 /* coin.wav */; };
		C5FC9EE4298629230069AFF4 /* bullet.mp3 in Resources */ = {isa = PBXBuildFile; fileRef = C5FC9EAB298629230069AFF4 /* bullet.mp3 */; };
		C5FC9EE5298629230069AFF4 /* textureAtlas.png in Resources */ = {isa = PBXBuildFile; fileRef = C5FC9EAD298629230069AFF4 /* textureAtlas.png */; };
		C5FC9EE6298629230069AFF4 /* textureAtlas.json in Resources */ = {isa = PBXBuildFile; fileRef = C5FC9EAE298629230069AFF4 /* textureAtlas.json */; };
		C5FC9EE7298629230069AFF4 /* MailPilotDemoProject.tps in Resources */ = {isa = PBXBuildFile; fileRef = C5FC9EAF298629230069AFF4 /* MailPilotDemoProject.tps */; };
		C5FC9EE8298629230069AFF4 /* dock51.woff in Resources */ = {isa = PBXBuildFile; fileRef = C5FC9EB1298629230069AFF4 /* dock51.woff */; };
		C5FC9EE9298629230069AFF4 /* dock51.woff2 in Resources */ = {isa = PBXBuildFile; fileRef = C5FC9EB2298629230069AFF4 /* dock51.woff2 */; };
		C5FC9EEA298629230069AFF4 /* Dock51.ttf in Resources */ = {isa = PBXBuildFile; fileRef = C5FC9EB3298629230069AFF4 /* Dock51.ttf */; };
		C5FC9EEF2986292A0069AFF4 /* GameProtocol.swift in Sources */ = {isa = PBXBuildFile; fileRef = C5FC9EEC2986292A0069AFF4 /* GameProtocol.swift */; };
		C5FC9EF02986292A0069AFF4 /* GameObject.swift in Sources */ = {isa = PBXBuildFile; fileRef = C5FC9EED2986292A0069AFF4 /* GameObject.swift */; };
		C5FC9EF12986292A0069AFF4 /* Layer.swift in Sources */ = {isa = PBXBuildFile; fileRef = C5FC9EEE2986292A0069AFF4 /* Layer.swift */; };
		C5FC9EF7298629320069AFF4 /* Island.swift in Sources */ = {isa = PBXBuildFile; fileRef = C5FC9EF3298629320069AFF4 /* Island.swift */; };
		C5FC9EF8298629320069AFF4 /* Cloud.swift in Sources */ = {isa = PBXBuildFile; fileRef = C5FC9EF4298629320069AFF4 /* Cloud.swift */; };
		C5FC9EF9298629320069AFF4 /* Ocean.swift in Sources */ = {isa = PBXBuildFile; fileRef = C5FC9EF5298629320069AFF4 /* Ocean.swift */; };
		C5FC9EFA298629320069AFF4 /* Player.swift in Sources */ = {isa = PBXBuildFile; fileRef = C5FC9EF6298629320069AFF4 /* Player.swift */; };
/* End PBXBuildFile section */

/* Begin PBXFileReference section */
		C5FC9D68298625730069AFF4 /* ICE2.app */ = {isa = PBXFileReference; explicitFileType = wrapper.application; includeInIndex = 0; path = ICE2.app; sourceTree = BUILT_PRODUCTS_DIR; };
		C5FC9D6B298625730069AFF4 /* AppDelegate.swift */ = {isa = PBXFileReference; lastKnownFileType = sourcecode.swift; path = AppDelegate.swift; sourceTree = "<group>"; };
		C5FC9D6D298625730069AFF4 /* GameScene.sks */ = {isa = PBXFileReference; lastKnownFileType = file.sks; path = GameScene.sks; sourceTree = "<group>"; };
		C5FC9D71298625730069AFF4 /* GameScene.swift */ = {isa = PBXFileReference; lastKnownFileType = sourcecode.swift; path = GameScene.swift; sourceTree = "<group>"; };
		C5FC9D73298625730069AFF4 /* GameViewController.swift */ = {isa = PBXFileReference; lastKnownFileType = sourcecode.swift; path = GameViewController.swift; sourceTree = "<group>"; };
		C5FC9D76298625730069AFF4 /* Base */ = {isa = PBXFileReference; lastKnownFileType = file.storyboard; name = Base; path = Base.lproj/Main.storyboard; sourceTree = "<group>"; };
		C5FC9D78298625730069AFF4 /* Assets.xcassets */ = {isa = PBXFileReference; lastKnownFileType = folder.assetcatalog; path = Assets.xcassets; sourceTree = "<group>"; };
		C5FC9D7B298625730069AFF4 /* Base */ = {isa = PBXFileReference; lastKnownFileType = file.storyboard; name = Base; path = Base.lproj/LaunchScreen.storyboard; sourceTree = "<group>"; };
		C5FC9E7A298629230069AFF4 /* bullet.png */ = {isa = PBXFileReference; lastKnownFileType = image.png; path = bullet.png; sourceTree = "<group>"; };
		C5FC9E7B298629230069AFF4 /* plane3.png */ = {isa = PBXFileReference; lastKnownFileType = image.png; path = plane3.png; sourceTree = "<group>"; };
		C5FC9E7C298629230069AFF4 /* plane2.png */ = {isa = PBXFileReference; lastKnownFileType = image.png; path = plane2.png; sourceTree = "<group>"; };
		C5FC9E7D298629230069AFF4 /* plane1.png */ = {isa = PBXFileReference; lastKnownFileType = image.png; path = plane1.png; sourceTree = "<group>"; };
		C5FC9E7E298629230069AFF4 /* backButton.png */ = {isa = PBXFileReference; lastKnownFileType = image.png; path = backButton.png; sourceTree = "<group>"; };
		C5FC9E7F298629230069AFF4 /* plane.png */ = {isa = PBXFileReference; lastKnownFileType = image.png; path = plane.png; sourceTree = "<group>"; };
		C5FC9E80298629230069AFF4 /* island.png */ = {isa = PBXFileReference; lastKnownFileType = image.png; path = island.png; sourceTree = "<group>"; };
		C5FC9E81298629230069AFF4 /* planeflash2.png */ = {isa = PBXFileReference; lastKnownFileType = image.png; path = planeflash2.png; sourceTree = "<group>"; };
		C5FC9E82298629230069AFF4 /* clickMeButton.png */ = {isa = PBXFileReference; lastKnownFileType = image.png; path = clickMeButton.png; sourceTree = "<group>"; };
		C5FC9E83298629230069AFF4 /* planeflash1.png */ = {isa = PBXFileReference; lastKnownFileType = image.png; path = planeflash1.png; sourceTree = "<group>"; };
		C5FC9E84298629230069AFF4 /* ocean.gif */ = {isa = PBXFileReference; lastKnownFileType = image.gif; path = ocean.gif; sourceTree = "<group>"; };
		C5FC9E85298629230069AFF4 /* coin08.png */ = {isa = PBXFileReference; lastKnownFileType = image.png; path = coin08.png; sourceTree = "<group>"; };
		C5FC9E86298629230069AFF4 /* coin09.png */ = {isa = PBXFileReference; lastKnownFileType = image.png; path = coin09.png; sourceTree = "<group>"; };
		C5FC9E87298629230069AFF4 /* restartButton.png */ = {isa = PBXFileReference; lastKnownFileType = image.png; path = restartButton.png; sourceTree = "<group>"; };
		C5FC9E88298629230069AFF4 /* coin10.png */ = {isa = PBXFileReference; lastKnownFileType = image.png; path = coin10.png; sourceTree = "<group>"; };
		C5FC9E89298629230069AFF4 /* coin04.png */ = {isa = PBXFileReference; lastKnownFileType = image.png; path = coin04.png; sourceTree = "<group>"; };
		C5FC9E8A298629230069AFF4 /* smallexplosion4.png */ = {isa = PBXFileReference; lastKnownFileType = image.png; path = smallexplosion4.png; sourceTree = "<group>"; };
		C5FC9E8B298629230069AFF4 /* smallexplosion5.png */ = {isa = PBXFileReference; lastKnownFileType = image.png; path = smallexplosion5.png; sourceTree = "<group>"; };
		C5FC9E8C298629230069AFF4 /* coin05.png */ = {isa = PBXFileReference; lastKnownFileType = image.png; path = coin05.png; sourceTree = "<group>"; };
		C5FC9E8D298629230069AFF4 /* coin07.png */ = {isa = PBXFileReference; lastKnownFileType = image.png; path = coin07.png; sourceTree = "<group>"; };
		C5FC9E8E298629230069AFF4 /* smallexplosion6.png */ = {isa = PBXFileReference; lastKnownFileType = image.png; path = smallexplosion6.png; sourceTree = "<group>"; };
		C5FC9E8F298629230069AFF4 /* coin06.png */ = {isa = PBXFileReference; lastKnownFileType = image.png; path = coin06.png; sourceTree = "<group>"; };
		C5FC9E90298629230069AFF4 /* cloud.png */ = {isa = PBXFileReference; lastKnownFileType = image.png; path = cloud.png; sourceTree = "<group>"; };
		C5FC9E91298629230069AFF4 /* coin02.png */ = {isa = PBXFileReference; lastKnownFileType = image.png; path = coin02.png; sourceTree = "<group>"; };
		C5FC9E92298629230069AFF4 /* smallexplosion2.png */ = {isa = PBXFileReference; lastKnownFileType = image.png; path = smallexplosion2.png; sourceTree = "<group>"; };
		C5FC9E93298629230069AFF4 /* smallexplosion3.png */ = {isa = PBXFileReference; lastKnownFileType = image.png; path = smallexplosion3.png; sourceTree = "<group>"; };
		C5FC9E94298629230069AFF4 /* coin03.png */ = {isa = PBXFileReference; lastKnownFileType = image.png; path = coin03.png; sourceTree = "<group>"; };
		C5FC9E95298629230069AFF4 /* coin01.png */ = {isa = PBXFileReference; lastKnownFileType = image.png; path = coin01.png; sourceTree = "<group>"; };
		C5FC9E96298629230069AFF4 /* smallexplosion1.png */ = {isa = PBXFileReference; lastKnownFileType = image.png; path = smallexplosion1.png; sourceTree = "<group>"; };
		C5FC9E97298629230069AFF4 /* nextButton.png */ = {isa = PBXFileReference; lastKnownFileType = image.png; path = nextButton.png; sourceTree = "<group>"; };
		C5FC9E98298629230069AFF4 /* explosion1.png */ = {isa = PBXFileReference; lastKnownFileType = image.png; path = explosion1.png; sourceTree = "<group>"; };
		C5FC9E99298629230069AFF4 /* enemy1.png */ = {isa = PBXFileReference; lastKnownFileType = image.png; path = enemy1.png; sourceTree = "<group>"; };
		C5FC9E9A298629230069AFF4 /* explosion2.png */ = {isa = PBXFileReference; lastKnownFileType = image.png; path = explosion2.png; sourceTree = "<group>"; };
		C5FC9E9B298629230069AFF4 /* enemy3.png */ = {isa = PBXFileReference; lastKnownFileType = image.png; path = enemy3.png; sourceTree = "<group>"; };
		C5FC9E9C298629230069AFF4 /* enemy2.png */ = {isa = PBXFileReference; lastKnownFileType = image.png; path = enemy2.png; sourceTree = "<group>"; };
		C5FC9E9D298629230069AFF4 /* ocean.png */ = {isa = PBXFileReference; lastKnownFileType = image.png; path = ocean.png; sourceTree = "<group>"; };
		C5FC9E9E298629230069AFF4 /* explosion3.png */ = {isa = PBXFileReference; lastKnownFileType = image.png; path = explosion3.png; sourceTree = "<group>"; };
		C5FC9E9F298629230069AFF4 /* explosion7.png */ = {isa = PBXFileReference; lastKnownFileType = image.png; path = explosion7.png; sourceTree = "<group>"; };
		C5FC9EA0298629230069AFF4 /* startButton.png */ = {isa = PBXFileReference; lastKnownFileType = image.png; path = startButton.png; sourceTree = "<group>"; };
		C5FC9EA1298629230069AFF4 /* explosion6.png */ = {isa = PBXFileReference; lastKnownFileType = image.png; path = explosion6.png; sourceTree = "<group>"; };
		C5FC9EA2298629230069AFF4 /* explosion4.png */ = {isa = PBXFileReference; lastKnownFileType = image.png; path = explosion4.png; sourceTree = "<group>"; };
		C5FC9EA3298629230069AFF4 /* explosion5.png */ = {isa = PBXFileReference; lastKnownFileType = image.png; path = explosion5.png; sourceTree = "<group>"; };
		C5FC9EA5298629230069AFF4 /* life.wav */ = {isa = PBXFileReference; lastKnownFileType = audio.wav; path = life.wav; sourceTree = "<group>"; };
		C5FC9EA6298629230069AFF4 /* explosion.mp3 */ = {isa = PBXFileReference; lastKnownFileType = audio.mp3; path = explosion.mp3; sourceTree = "<group>"; };
		C5FC9EA7298629230069AFF4 /* thunder.ogg */ = {isa = PBXFileReference; lastKnownFileType = file; path = thunder.ogg; sourceTree = "<group>"; };
		C5FC9EA8298629230069AFF4 /* yay.ogg */ = {isa = PBXFileReference; lastKnownFileType = file; path = yay.ogg; sourceTree = "<group>"; };
		C5FC9EA9298629230069AFF4 /* engine.ogg */ = {isa = PBXFileReference; lastKnownFileType = file; path = engine.ogg; sourceTree = "<group>"; };
		C5FC9EAA298629230069AFF4 /* coin.wav */ = {isa = PBXFileReference; lastKnownFileType = audio.wav; path = coin.wav; sourceTree = "<group>"; };
		C5FC9EAB298629230069AFF4 /* bullet.mp3 */ = {isa = PBXFileReference; lastKnownFileType = audio.mp3; path = bullet.mp3; sourceTree = "<group>"; };
		C5FC9EAD298629230069AFF4 /* textureAtlas.png */ = {isa = PBXFileReference; lastKnownFileType = image.png; path = textureAtlas.png; sourceTree = "<group>"; };
		C5FC9EAE298629230069AFF4 /* textureAtlas.json */ = {isa = PBXFileReference; fileEncoding = 4; lastKnownFileType = text.json; path = textureAtlas.json; sourceTree = "<group>"; };
		C5FC9EAF298629230069AFF4 /* MailPilotDemoProject.tps */ = {isa = PBXFileReference; fileEncoding = 4; lastKnownFileType = text.xml; path = MailPilotDemoProject.tps; sourceTree = "<group>"; };
		C5FC9EB1298629230069AFF4 /* dock51.woff */ = {isa = PBXFileReference; lastKnownFileType = file; path = dock51.woff; sourceTree = "<group>"; };
		C5FC9EB2298629230069AFF4 /* dock51.woff2 */ = {isa = PBXFileReference; lastKnownFileType = file; path = dock51.woff2; sourceTree = "<group>"; };
		C5FC9EB3298629230069AFF4 /* Dock51.ttf */ = {isa = PBXFileReference; lastKnownFileType = file; path = Dock51.ttf; sourceTree = "<group>"; };
		C5FC9EEC2986292A0069AFF4 /* GameProtocol.swift */ = {isa = PBXFileReference; fileEncoding = 4; lastKnownFileType = sourcecode.swift; path = GameProtocol.swift; sourceTree = "<group>"; };
		C5FC9EED2986292A0069AFF4 /* GameObject.swift */ = {isa = PBXFileReference; fileEncoding = 4; lastKnownFileType = sourcecode.swift; path = GameObject.swift; sourceTree = "<group>"; };
		C5FC9EEE2986292A0069AFF4 /* Layer.swift */ = {isa = PBXFileReference; fileEncoding = 4; lastKnownFileType = sourcecode.swift; path = Layer.swift; sourceTree = "<group>"; };
		C5FC9EF3298629320069AFF4 /* Island.swift */ = {isa = PBXFileReference; fileEncoding = 4; lastKnownFileType = sourcecode.swift; path = Island.swift; sourceTree = "<group>"; };
		C5FC9EF4298629320069AFF4 /* Cloud.swift */ = {isa = PBXFileReference; fileEncoding = 4; lastKnownFileType = sourcecode.swift; path = Cloud.swift; sourceTree = "<group>"; };
		C5FC9EF5298629320069AFF4 /* Ocean.swift */ = {isa = PBXFileReference; fileEncoding = 4; lastKnownFileType = sourcecode.swift; path = Ocean.swift; sourceTree = "<group>"; };
		C5FC9EF6298629320069AFF4 /* Player.swift */ = {isa = PBXFileReference; fileEncoding = 4; lastKnownFileType = sourcecode.swift; path = Player.swift; sourceTree = "<group>"; };
/* End PBXFileReference section */

/* Begin PBXFrameworksBuildPhase section */
		C5FC9D65298625730069AFF4 /* Frameworks */ = {
			isa = PBXFrameworksBuildPhase;
			buildActionMask = 2147483647;
			files = (
			);
			runOnlyForDeploymentPostprocessing = 0;
		};
/* End PBXFrameworksBuildPhase section */

/* Begin PBXGroup section */
		C5FC9D5F298625730069AFF4 = {
			isa = PBXGroup;
			children = (
				C5FC9D6A298625730069AFF4 /* ICE2 */,
				C5FC9D69298625730069AFF4 /* Products */,
			);
			sourceTree = "<group>";
		};
		C5FC9D69298625730069AFF4 /* Products */ = {
			isa = PBXGroup;
			children = (
				C5FC9D68298625730069AFF4 /* ICE2.app */,
			);
			name = Products;
			sourceTree = "<group>";
		};
		C5FC9D6A298625730069AFF4 /* ICE2 */ = {
			isa = PBXGroup;
			children = (
				C5FC9EF2298629320069AFF4 /* GameObjects */,
				C5FC9EEB2986292A0069AFF4 /* Core */,
				C5FC9E78298629230069AFF4 /* Assets */,
				C5FC9D6B298625730069AFF4 /* AppDelegate.swift */,
				C5FC9D6D298625730069AFF4 /* GameScene.sks */,
				C5FC9D71298625730069AFF4 /* GameScene.swift */,
				C5FC9D73298625730069AFF4 /* GameViewController.swift */,
				C5FC9D75298625730069AFF4 /* Main.storyboard */,
				C5FC9D78298625730069AFF4 /* Assets.xcassets */,
				C5FC9D7A298625730069AFF4 /* LaunchScreen.storyboard */,
			);
			path = ICE2;
			sourceTree = "<group>";
		};
		C5FC9E78298629230069AFF4 /* Assets */ = {
			isa = PBXGroup;
			children = (
				C5FC9E79298629230069AFF4 /* images */,
				C5FC9EA4298629230069AFF4 /* audio */,
				C5FC9EAC298629230069AFF4 /* sprites */,
				C5FC9EB0298629230069AFF4 /* fonts */,
			);
			path = Assets;
			sourceTree = "<group>";
		};
		C5FC9E79298629230069AFF4 /* images */ = {
			isa = PBXGroup;
			children = (
				C5FC9E7A298629230069AFF4 /* bullet.png */,
				C5FC9E7B298629230069AFF4 /* plane3.png */,
				C5FC9E7C298629230069AFF4 /* plane2.png */,
				C5FC9E7D298629230069AFF4 /* plane1.png */,
				C5FC9E7E298629230069AFF4 /* backButton.png */,
				C5FC9E7F298629230069AFF4 /* plane.png */,
				C5FC9E80298629230069AFF4 /* island.png */,
				C5FC9E81298629230069AFF4 /* planeflash2.png */,
				C5FC9E82298629230069AFF4 /* clickMeButton.png */,
				C5FC9E83298629230069AFF4 /* planeflash1.png */,
				C5FC9E84298629230069AFF4 /* ocean.gif */,
				C5FC9E85298629230069AFF4 /* coin08.png */,
				C5FC9E86298629230069AFF4 /* coin09.png */,
				C5FC9E87298629230069AFF4 /* restartButton.png */,
				C5FC9E88298629230069AFF4 /* coin10.png */,
				C5FC9E89298629230069AFF4 /* coin04.png */,
				C5FC9E8A298629230069AFF4 /* smallexplosion4.png */,
				C5FC9E8B298629230069AFF4 /* smallexplosion5.png */,
				C5FC9E8C298629230069AFF4 /* coin05.png */,
				C5FC9E8D298629230069AFF4 /* coin07.png */,
				C5FC9E8E298629230069AFF4 /* smallexplosion6.png */,
				C5FC9E8F298629230069AFF4 /* coin06.png */,
				C5FC9E90298629230069AFF4 /* cloud.png */,
				C5FC9E91298629230069AFF4 /* coin02.png */,
				C5FC9E92298629230069AFF4 /* smallexplosion2.png */,
				C5FC9E93298629230069AFF4 /* smallexplosion3.png */,
				C5FC9E94298629230069AFF4 /* coin03.png */,
				C5FC9E95298629230069AFF4 /* coin01.png */,
				C5FC9E96298629230069AFF4 /* smallexplosion1.png */,
				C5FC9E97298629230069AFF4 /* nextButton.png */,
				C5FC9E98298629230069AFF4 /* explosion1.png */,
				C5FC9E99298629230069AFF4 /* enemy1.png */,
				C5FC9E9A298629230069AFF4 /* explosion2.png */,
				C5FC9E9B298629230069AFF4 /* enemy3.png */,
				C5FC9E9C298629230069AFF4 /* enemy2.png */,
				C5FC9E9D298629230069AFF4 /* ocean.png */,
				C5FC9E9E298629230069AFF4 /* explosion3.png */,
				C5FC9E9F298629230069AFF4 /* explosion7.png */,
				C5FC9EA0298629230069AFF4 /* startButton.png */,
				C5FC9EA1298629230069AFF4 /* explosion6.png */,
				C5FC9EA2298629230069AFF4 /* explosion4.png */,
				C5FC9EA3298629230069AFF4 /* explosion5.png */,
			);
			path = images;
			sourceTree = "<group>";
		};
		C5FC9EA4298629230069AFF4 /* audio */ = {
			isa = PBXGroup;
			children = (
				C5FC9EA5298629230069AFF4 /* life.wav */,
				C5FC9EA6298629230069AFF4 /* explosion.mp3 */,
				C5FC9EA7298629230069AFF4 /* thunder.ogg */,
				C5FC9EA8298629230069AFF4 /* yay.ogg */,
				C5FC9EA9298629230069AFF4 /* engine.ogg */,
				C5FC9EAA298629230069AFF4 /* coin.wav */,
				C5FC9EAB298629230069AFF4 /* bullet.mp3 */,
			);
			path = audio;
			sourceTree = "<group>";
		};
		C5FC9EAC298629230069AFF4 /* sprites */ = {
			isa = PBXGroup;
			children = (
				C5FC9EAD298629230069AFF4 /* textureAtlas.png */,
				C5FC9EAE298629230069AFF4 /* textureAtlas.json */,
				C5FC9EAF298629230069AFF4 /* MailPilotDemoProject.tps */,
			);
			path = sprites;
			sourceTree = "<group>";
		};
		C5FC9EB0298629230069AFF4 /* fonts */ = {
			isa = PBXGroup;
			children = (
				C5FC9EB1298629230069AFF4 /* dock51.woff */,
				C5FC9EB2298629230069AFF4 /* dock51.woff2 */,
				C5FC9EB3298629230069AFF4 /* Dock51.ttf */,
			);
			path = fonts;
			sourceTree = "<group>";
		};
		C5FC9EEB2986292A0069AFF4 /* Core */ = {
			isa = PBXGroup;
			children = (
				C5FC9EEC2986292A0069AFF4 /* GameProtocol.swift */,
				C5FC9EED2986292A0069AFF4 /* GameObject.swift */,
				C5FC9EEE2986292A0069AFF4 /* Layer.swift */,
			);
			path = Core;
			sourceTree = "<group>";
		};
		C5FC9EF2298629320069AFF4 /* GameObjects */ = {
			isa = PBXGroup;
			children = (
				C5FC9EF3298629320069AFF4 /* Island.swift */,
				C5FC9EF4298629320069AFF4 /* Cloud.swift */,
				C5FC9EF5298629320069AFF4 /* Ocean.swift */,
				C5FC9EF6298629320069AFF4 /* Player.swift */,
			);
			path = GameObjects;
			sourceTree = "<group>";
		};
/* End PBXGroup section */

/* Begin PBXNativeTarget section */
		C5FC9D67298625730069AFF4 /* ICE2 */ = {
			isa = PBXNativeTarget;
			buildConfigurationList = C5FC9D7F298625730069AFF4 /* Build configuration list for PBXNativeTarget "ICE2" */;
			buildPhases = (
				C5FC9D64298625730069AFF4 /* Sources */,
				C5FC9D65298625730069AFF4 /* Frameworks */,
				C5FC9D66298625730069AFF4 /* Resources */,
			);
			buildRules = (
			);
			dependencies = (
			);
			name = ICE2;
			productName = ICE2;
			productReference = C5FC9D68298625730069AFF4 /* ICE2.app */;
			productType = "com.apple.product-type.application";
		};
/* End PBXNativeTarget section */

/* Begin PBXProject section */
		C5FC9D60298625730069AFF4 /* Project object */ = {
			isa = PBXProject;
			attributes = {
				BuildIndependentTargetsInParallel = 1;
				LastSwiftUpdateCheck = 1400;
				LastUpgradeCheck = 1400;
				TargetAttributes = {
					C5FC9D67298625730069AFF4 = {
						CreatedOnToolsVersion = 14.0;
					};
				};
			};
			buildConfigurationList = C5FC9D63298625730069AFF4 /* Build configuration list for PBXProject "ICE2" */;
			compatibilityVersion = "Xcode 14.0";
			developmentRegion = en;
			hasScannedForEncodings = 0;
			knownRegions = (
				en,
				Base,
			);
			mainGroup = C5FC9D5F298625730069AFF4;
			productRefGroup = C5FC9D69298625730069AFF4 /* Products */;
			projectDirPath = "";
			projectRoot = "";
			targets = (
				C5FC9D67298625730069AFF4 /* ICE2 */,
			);
		};
/* End PBXProject section */

/* Begin PBXResourcesBuildPhase section */
		C5FC9D66298625730069AFF4 /* Resources */ = {
			isa = PBXResourcesBuildPhase;
			buildActionMask = 2147483647;
			files = (
				C5FC9ED4298629230069AFF4 /* explosion2.png in Resources */,
				C5FC9EDD298629230069AFF4 /* explosion5.png in Resources */,
				C5FC9ECA298629230069AFF4 /* cloud.png in Resources */,
				C5FC9ED7298629230069AFF4 /* ocean.png in Resources */,
				C5FC9D77298625730069AFF4 /* Main.storyboard in Resources */,
				C5FC9EC0298629230069AFF4 /* coin09.png in Resources */,
				C5FC9EBE298629230069AFF4 /* ocean.gif in Resources */,
				C5FC9ED3298629230069AFF4 /* enemy1.png in Resources */,
				C5FC9EDA298629230069AFF4 /* startButton.png in Resources */,
				C5FC9EE8298629230069AFF4 /* dock51.woff in Resources */,
				C5FC9ED0298629230069AFF4 /* smallexplosion1.png in Resources */,
				C5FC9EBA298629230069AFF4 /* island.png in Resources */,
				C5FC9EDE298629230069AFF4 /* life.wav in Resources */,
				C5FC9EDF298629230069AFF4 /* explosion.mp3 in Resources */,
				C5FC9EE0298629230069AFF4 /* thunder.ogg in Resources */,
				C5FC9EC9298629230069AFF4 /* coin06.png in Resources */,
				C5FC9D6E298625730069AFF4 /* GameScene.sks in Resources */,
				C5FC9EDB298629230069AFF4 /* explosion6.png in Resources */,
				C5FC9ED8298629230069AFF4 /* explosion3.png in Resources */,
				C5FC9EDC298629230069AFF4 /* explosion4.png in Resources */,
				C5FC9ECF298629230069AFF4 /* coin01.png in Resources */,
				C5FC9EB9298629230069AFF4 /* plane.png in Resources */,
				C5FC9EC8298629230069AFF4 /* smallexplosion6.png in Resources */,
				C5FC9EC6298629230069AFF4 /* coin05.png in Resources */,
				C5FC9EEA298629230069AFF4 /* Dock51.ttf in Resources */,
				C5FC9EB5298629230069AFF4 /* plane3.png in Resources */,
				C5FC9ED6298629230069AFF4 /* enemy2.png in Resources */,
				C5FC9EE1298629230069AFF4 /* yay.ogg in Resources */,
				C5FC9ECC298629230069AFF4 /* smallexplosion2.png in Resources */,
				C5FC9EB4298629230069AFF4 /* bullet.png in Resources */,
				C5FC9EE9298629230069AFF4 /* dock51.woff2 in Resources */,
				C5FC9EB8298629230069AFF4 /* backButton.png in Resources */,
				C5FC9ED5298629230069AFF4 /* enemy3.png in Resources */,
				C5FC9EE6298629230069AFF4 /* textureAtlas.json in Resources */,
				C5FC9D79298625730069AFF4 /* Assets.xcassets in Resources */,
				C5FC9ED9298629230069AFF4 /* explosion7.png in Resources */,
				C5FC9EC3298629230069AFF4 /* coin04.png in Resources */,
				C5FC9EC5298629230069AFF4 /* smallexplosion5.png in Resources */,
				C5FC9ED2298629230069AFF4 /* explosion1.png in Resources */,
				C5FC9ECB298629230069AFF4 /* coin02.png in Resources */,
				C5FC9D7C298625730069AFF4 /* LaunchScreen.storyboard in Resources */,
				C5FC9ECE298629230069AFF4 /* coin03.png in Resources */,
				C5FC9ECD298629230069AFF4 /* smallexplosion3.png in Resources */,
				C5FC9EE5298629230069AFF4 /* textureAtlas.png in Resources */,
				C5FC9EB7298629230069AFF4 /* plane1.png in Resources */,
				C5FC9EC4298629230069AFF4 /* smallexplosion4.png in Resources */,
				C5FC9EBC298629230069AFF4 /* clickMeButton.png in Resources */,
				C5FC9EE4298629230069AFF4 /* bullet.mp3 in Resources */,
				C5FC9EC2298629230069AFF4 /* coin10.png in Resources */,
				C5FC9EE2298629230069AFF4 /* engine.ogg in Resources */,
				C5FC9EC1298629230069AFF4 /* restartButton.png in Resources */,
				C5FC9EBD298629230069AFF4 /* planeflash1.png in Resources */,
				C5FC9EBB298629230069AFF4 /* planeflash2.png in Resources */,
				C5FC9ED1298629230069AFF4 /* nextButton.png in Resources */,
				C5FC9EC7298629230069AFF4 /* coin07.png in Resources */,
				C5FC9EE7298629230069AFF4 /* MailPilotDemoProject.tps in Resources */,
				C5FC9EE3298629230069AFF4 /* coin.wav in Resources */,
				C5FC9EBF298629230069AFF4 /* coin08.png in Resources */,
				C5FC9EB6298629230069AFF4 /* plane2.png in Resources */,
			);
			runOnlyForDeploymentPostprocessing = 0;
		};
/* End PBXResourcesBuildPhase section */

/* Begin PBXSourcesBuildPhase section */
		C5FC9D64298625730069AFF4 /* Sources */ = {
			isa = PBXSourcesBuildPhase;
			buildActionMask = 2147483647;
			files = (
				C5FC9D72298625730069AFF4 /* GameScene.swift in Sources */,
				C5FC9EEF2986292A0069AFF4 /* GameProtocol.swift in Sources */,
				C5FC9D74298625730069AFF4 /* GameViewController.swift in Sources */,
				C5FC9EF7298629320069AFF4 /* Island.swift in Sources */,
				C5FC9EF9298629320069AFF4 /* Ocean.swift in Sources */,
				C5FC9EF12986292A0069AFF4 /* Layer.swift in Sources */,
				C5FC9EF8298629320069AFF4 /* Cloud.swift in Sources */,
				C5FC9D6C298625730069AFF4 /* AppDelegate.swift in Sources */,
				C5FC9EFA298629320069AFF4 /* Player.swift in Sources */,
				C5FC9EF02986292A0069AFF4 /* GameObject.swift in Sources */,
			);
			runOnlyForDeploymentPostprocessing = 0;
		};
/* End PBXSourcesBuildPhase section */

/* Begin PBXVariantGroup section */
		C5FC9D75298625730069AFF4 /* Main.storyboard */ = {
			isa = PBXVariantGroup;
			children = (
				C5FC9D76298625730069AFF4 /* Base */,
			);
			name = Main.storyboard;
			sourceTree = "<group>";
		};
		C5FC9D7A298625730069AFF4 /* LaunchScreen.storyboard */ = {
			isa = PBXVariantGroup;
			children = (
				C5FC9D7B298625730069AFF4 /* Base */,
			);
			name = LaunchScreen.storyboard;
			sourceTree = "<group>";
		};
/* End PBXVariantGroup section */

/* Begin XCBuildConfiguration section */
		C5FC9D7D298625730069AFF4 /* Debug */ = {
			isa = XCBuildConfiguration;
			buildSettings = {
				ALWAYS_SEARCH_USER_PATHS = NO;
				CLANG_ANALYZER_NONNULL = YES;
				CLANG_ANALYZER_NUMBER_OBJECT_CONVERSION = YES_AGGRESSIVE;
				CLANG_CXX_LANGUAGE_STANDARD = "gnu++20";
				CLANG_ENABLE_MODULES = YES;
				CLANG_ENABLE_OBJC_ARC = YES;
				CLANG_ENABLE_OBJC_WEAK = YES;
				CLANG_WARN_BLOCK_CAPTURE_AUTORELEASING = YES;
				CLANG_WARN_BOOL_CONVERSION = YES;
				CLANG_WARN_COMMA = YES;
				CLANG_WARN_CONSTANT_CONVERSION = YES;
				CLANG_WARN_DEPRECATED_OBJC_IMPLEMENTATIONS = YES;
				CLANG_WARN_DIRECT_OBJC_ISA_USAGE = YES_ERROR;
				CLANG_WARN_DOCUMENTATION_COMMENTS = YES;
				CLANG_WARN_EMPTY_BODY = YES;
				CLANG_WARN_ENUM_CONVERSION = YES;
				CLANG_WARN_INFINITE_RECURSION = YES;
				CLANG_WARN_INT_CONVERSION = YES;
				CLANG_WARN_NON_LITERAL_NULL_CONVERSION = YES;
				CLANG_WARN_OBJC_IMPLICIT_RETAIN_SELF = YES;
				CLANG_WARN_OBJC_LITERAL_CONVERSION = YES;
				CLANG_WARN_OBJC_ROOT_CLASS = YES_ERROR;
				CLANG_WARN_QUOTED_INCLUDE_IN_FRAMEWORK_HEADER = YES;
				CLANG_WARN_RANGE_LOOP_ANALYSIS = YES;
				CLANG_WARN_STRICT_PROTOTYPES = YES;
				CLANG_WARN_SUSPICIOUS_MOVE = YES;
				CLANG_WARN_UNGUARDED_AVAILABILITY = YES_AGGRESSIVE;
				CLANG_WARN_UNREACHABLE_CODE = YES;
				CLANG_WARN__DUPLICATE_METHOD_MATCH = YES;
				COPY_PHASE_STRIP = NO;
				DEBUG_INFORMATION_FORMAT = dwarf;
				ENABLE_STRICT_OBJC_MSGSEND = YES;
				ENABLE_TESTABILITY = YES;
				GCC_C_LANGUAGE_STANDARD = gnu11;
				GCC_DYNAMIC_NO_PIC = NO;
				GCC_NO_COMMON_BLOCKS = YES;
				GCC_OPTIMIZATION_LEVEL = 0;
				GCC_PREPROCESSOR_DEFINITIONS = (
					"DEBUG=1",
					"$(inherited)",
				);
				GCC_WARN_64_TO_32_BIT_CONVERSION = YES;
				GCC_WARN_ABOUT_RETURN_TYPE = YES_ERROR;
				GCC_WARN_UNDECLARED_SELECTOR = YES;
				GCC_WARN_UNINITIALIZED_AUTOS = YES_AGGRESSIVE;
				GCC_WARN_UNUSED_FUNCTION = YES;
				GCC_WARN_UNUSED_VARIABLE = YES;
				IPHONEOS_DEPLOYMENT_TARGET = 16.0;
				MTL_ENABLE_DEBUG_INFO = INCLUDE_SOURCE;
				MTL_FAST_MATH = YES;
				ONLY_ACTIVE_ARCH = YES;
				SDKROOT = iphoneos;
				SWIFT_ACTIVE_COMPILATION_CONDITIONS = DEBUG;
				SWIFT_OPTIMIZATION_LEVEL = "-Onone";
			};
			name = Debug;
		};
		C5FC9D7E298625730069AFF4 /* Release */ = {
			isa = XCBuildConfiguration;
			buildSettings = {
				ALWAYS_SEARCH_USER_PATHS = NO;
				CLANG_ANALYZER_NONNULL = YES;
				CLANG_ANALYZER_NUMBER_OBJECT_CONVERSION = YES_AGGRESSIVE;
				CLANG_CXX_LANGUAGE_STANDARD = "gnu++20";
				CLANG_ENABLE_MODULES = YES;
				CLANG_ENABLE_OBJC_ARC = YES;
				CLANG_ENABLE_OBJC_WEAK = YES;
				CLANG_WARN_BLOCK_CAPTURE_AUTORELEASING = YES;
				CLANG_WARN_BOOL_CONVERSION = YES;
				CLANG_WARN_COMMA = YES;
				CLANG_WARN_CONSTANT_CONVERSION = YES;
				CLANG_WARN_DEPRECATED_OBJC_IMPLEMENTATIONS = YES;
				CLANG_WARN_DIRECT_OBJC_ISA_USAGE = YES_ERROR;
				CLANG_WARN_DOCUMENTATION_COMMENTS = YES;
				CLANG_WARN_EMPTY_BODY = YES;
				CLANG_WARN_ENUM_CONVERSION = YES;
				CLANG_WARN_INFINITE_RECURSION = YES;
				CLANG_WARN_INT_CONVERSION = YES;
				CLANG_WARN_NON_LITERAL_NULL_CONVERSION = YES;
				CLANG_WARN_OBJC_IMPLICIT_RETAIN_SELF = YES;
				CLANG_WARN_OBJC_LITERAL_CONVERSION = YES;
				CLANG_WARN_OBJC_ROOT_CLASS = YES_ERROR;
				CLANG_WARN_QUOTED_INCLUDE_IN_FRAMEWORK_HEADER = YES;
				CLANG_WARN_RANGE_LOOP_ANALYSIS = YES;
				CLANG_WARN_STRICT_PROTOTYPES = YES;
				CLANG_WARN_SUSPICIOUS_MOVE = YES;
				CLANG_WARN_UNGUARDED_AVAILABILITY = YES_AGGRESSIVE;
				CLANG_WARN_UNREACHABLE_CODE = YES;
				CLANG_WARN__DUPLICATE_METHOD_MATCH = YES;
				COPY_PHASE_STRIP = NO;
				DEBUG_INFORMATION_FORMAT = "dwarf-with-dsym";
				ENABLE_NS_ASSERTIONS = NO;
				ENABLE_STRICT_OBJC_MSGSEND = YES;
				GCC_C_LANGUAGE_STANDARD = gnu11;
				GCC_NO_COMMON_BLOCKS = YES;
				GCC_WARN_64_TO_32_BIT_CONVERSION = YES;
				GCC_WARN_ABOUT_RETURN_TYPE = YES_ERROR;
				GCC_WARN_UNDECLARED_SELECTOR = YES;
				GCC_WARN_UNINITIALIZED_AUTOS = YES_AGGRESSIVE;
				GCC_WARN_UNUSED_FUNCTION = YES;
				GCC_WARN_UNUSED_VARIABLE = YES;
				IPHONEOS_DEPLOYMENT_TARGET = 16.0;
				MTL_ENABLE_DEBUG_INFO = NO;
				MTL_FAST_MATH = YES;
				SDKROOT = iphoneos;
				SWIFT_COMPILATION_MODE = wholemodule;
				SWIFT_OPTIMIZATION_LEVEL = "-O";
				VALIDATE_PRODUCT = YES;
			};
			name = Release;
		};
		C5FC9D80298625730069AFF4 /* Debug */ = {
			isa = XCBuildConfiguration;
			buildSettings = {
				ASSETCATALOG_COMPILER_APPICON_NAME = AppIcon;
				ASSETCATALOG_COMPILER_GLOBAL_ACCENT_COLOR_NAME = AccentColor;
				CODE_SIGN_STYLE = Automatic;
				CURRENT_PROJECT_VERSION = 1;
				GENERATE_INFOPLIST_FILE = YES;
				INFOPLIST_KEY_UIApplicationSupportsIndirectInputEvents = YES;
				INFOPLIST_KEY_UILaunchStoryboardName = LaunchScreen;
				INFOPLIST_KEY_UIMainStoryboardFile = Main;
				INFOPLIST_KEY_UIStatusBarHidden = YES;
				INFOPLIST_KEY_UISupportedInterfaceOrientations_iPad = "UIInterfaceOrientationPortrait UIInterfaceOrientationPortraitUpsideDown UIInterfaceOrientationLandscapeLeft UIInterfaceOrientationLandscapeRight";
				INFOPLIST_KEY_UISupportedInterfaceOrientations_iPhone = "UIInterfaceOrientationPortrait UIInterfaceOrientationLandscapeLeft UIInterfaceOrientationLandscapeRight";
				LD_RUNPATH_SEARCH_PATHS = (
					"$(inherited)",
					"@executable_path/Frameworks",
				);
				MARKETING_VERSION = 1.0;
				PRODUCT_BUNDLE_IDENTIFIER = com.MAPD724.ICE2;
				PRODUCT_NAME = "$(TARGET_NAME)";
				SWIFT_EMIT_LOC_STRINGS = YES;
				SWIFT_VERSION = 5.0;
				TARGETED_DEVICE_FAMILY = "1,2";
			};
			name = Debug;
		};
		C5FC9D81298625730069AFF4 /* Release */ = {
			isa = XCBuildConfiguration;
			buildSettings = {
				ASSETCATALOG_COMPILER_APPICON_NAME = AppIcon;
				ASSETCATALOG_COMPILER_GLOBAL_ACCENT_COLOR_NAME = AccentColor;
				CODE_SIGN_STYLE = Automatic;
				CURRENT_PROJECT_VERSION = 1;
				GENERATE_INFOPLIST_FILE = YES;
				INFOPLIST_KEY_UIApplicationSupportsIndirectInputEvents = YES;
				INFOPLIST_KEY_UILaunchStoryboardName = LaunchScreen;
				INFOPLIST_KEY_UIMainStoryboardFile = Main;
				INFOPLIST_KEY_UIStatusBarHidden = YES;
				INFOPLIST_KEY_UISupportedInterfaceOrientations_iPad = "UIInterfaceOrientationPortrait UIInterfaceOrientationPortraitUpsideDown UIInterfaceOrientationLandscapeLeft UIInterfaceOrientationLandscapeRight";
				INFOPLIST_KEY_UISupportedInterfaceOrientations_iPhone = "UIInterfaceOrientationPortrait UIInterfaceOrientationLandscapeLeft UIInterfaceOrientationLandscapeRight";
				LD_RUNPATH_SEARCH_PATHS = (
					"$(inherited)",
					"@executable_path/Frameworks",
				);
				MARKETING_VERSION = 1.0;
				PRODUCT_BUNDLE_IDENTIFIER = com.MAPD724.ICE2;
				PRODUCT_NAME = "$(TARGET_NAME)";
				SWIFT_EMIT_LOC_STRINGS = YES;
				SWIFT_VERSION = 5.0;
				TARGETED_DEVICE_FAMILY = "1,2";
			};
			name = Release;
		};
/* End XCBuildConfiguration section */

/* Begin XCConfigurationList section */
		C5FC9D63298625730069AFF4 /* Build configuration list for PBXProject "ICE2" */ = {
			isa = XCConfigurationList;
			buildConfigurations = (
				C5FC9D7D298625730069AFF4 /* Debug */,
				C5FC9D7E298625730069AFF4 /* Release */,
			);
			defaultConfigurationIsVisible = 0;
			defaultConfigurationName = Release;
		};
		C5FC9D7F298625730069AFF4 /* Build configuration list for PBXNativeTarget "ICE2" */ = {
			isa = XCConfigurationList;
			buildConfigurations = (
				C5FC9D80298625730069AFF4 /* Debug */,
				C5FC9D81298625730069AFF4 /* Release */,
			);
			defaultConfigurationIsVisible = 0;
			defaultConfigurationName = Release;
		};
/* End XCConfigurationList section */
	};
	rootObject = C5FC9D60298625730069AFF4 /* Project object */;
}
